
Microsoft Visual Studio Solution File, Format Version 12.00
# Visual Studio 2012
Project("{FAE04EC0-301F-11D3-BF4B-00C04F79EFBC}") = "Task2_Basic", "Task2_Basic\Task2_Basic.csproj", "{719B84A9-ED50-41C3-8E0A-20AA3C6D27FF}"
EndProject
Global
	GlobalSection(SolutionConfigurationPlatforms) = preSolution
		Debug|Any CPU = Debug|Any CPU
		Release|Any CPU = Release|Any CPU
	EndGlobalSection
	GlobalSection(ProjectConfigurationPlatforms) = postSolution
		{719B84A9-ED50-41C3-8E0A-20AA3C6D27FF}.Debug|Any CPU.ActiveCfg = Debug|Any CPU
		{719B84A9-ED50-41C3-8E0A-20AA3C6D27FF}.Debug|Any CPU.Build.0 = Debug|Any CPU
		{719B84A9-ED50-41C3-8E0A-20AA3C6D27FF}.Release|Any CPU.ActiveCfg = Release|Any CPU
		{719B84A9-ED50-41C3-8E0A-20AA3C6D27FF}.Release|Any CPU.Build.0 = Release|Any CPU
	EndGlobalSection
	GlobalSection(SolutionProperties) = preSolution
		HideSolutionNode = FALSE
	EndGlobalSection
EndGlobal
